
Microsoft Visual Studio Solution File, Format Version 12.00
# Visual Studio 2015
Project("{FAE04EC0-301F-11D3-BF4B-00C04F79EFBC}") = "Arx.Plugins", "Arx.Plugins.csproj", "{1ED791E0-EF06-576D-40DC-28E8874D619B}"
EndProject
Project("{FAE04EC0-301F-11D3-BF4B-00C04F79EFBC}") = "Arx", "Arx.csproj", "{F044C09C-1088-9E33-3FC9-5F903059F8AC}"
EndProject
Project("{FAE04EC0-301F-11D3-BF4B-00C04F79EFBC}") = "Arx.Editor.Plugins", "Arx.Editor.Plugins.csproj", "{5DED49B3-E91E-B7F2-3AE1-8DEA01A1276E}"
EndProject
Project("{FAE04EC0-301F-11D3-BF4B-00C04F79EFBC}") = "Arx.Editor", "Arx.Editor.csproj", "{B8B004CD-714A-BF8A-FF56-AEBE51DD1356}"
EndProject
Project("{FAE04EC0-301F-11D3-BF4B-00C04F79EFBC}") = "Extensions", "..\Extensions\Extensions.csproj", "{DE006F2E-B5DD-4AD1-8BE3-F147E2F6286E}"
EndProject
Project("{FAE04EC0-301F-11D3-BF4B-00C04F79EFBC}") = "2DDynamicCamera", "..\2DDynamicCamera\2DDynamicCamera.csproj", "{032238DD-361C-4BB7-B95D-F563B768F294}"
EndProject
Project("{FAE04EC0-301F-11D3-BF4B-00C04F79EFBC}") = "Decorator", "..\Decorator\Decorator.csproj", "{A026CFD6-8498-4E10-8846-A29A7534D465}"
EndProject
Project("{FAE04EC0-301F-11D3-BF4B-00C04F79EFBC}") = "DevelopmentUtils", "..\DevelopmentUtils\DevelopmentUtils.csproj", "{F39665AF-3030-43A8-8C67-D071C4803EEA}"
EndProject
Project("{FAE04EC0-301F-11D3-BF4B-00C04F79EFBC}") = "GenericComponents", "..\GenericComponents\GenericComponents.csproj", "{5ED6D708-BEB5-4F23-9F44-F8A491A42F84}"
EndProject
Project("{FAE04EC0-301F-11D3-BF4B-00C04F79EFBC}") = "InventorySystemEditors", "..\InventorySystemEditors\InventorySystemEditors.csproj", "{4B0E35D1-E866-4077-8D7A-D629DC5335C7}"
EndProject
Project("{FAE04EC0-301F-11D3-BF4B-00C04F79EFBC}") = "MathHelper", "..\MathHelper\MathHelper.csproj", "{3703E408-E0FA-4D51-94C5-4CAEC5D609D8}"
EndProject
Project("{FAE04EC0-301F-11D3-BF4B-00C04F79EFBC}") = "MathHelperTests", "..\MathHelperTests\MathHelperTests.csproj", "{62F56733-FE6F-4B3F-9DA9-911F899B4FB4}"
EndProject
Project("{FAE04EC0-301F-11D3-BF4B-00C04F79EFBC}") = "Parallax", "..\Parallax\Parallax.csproj", "{548D7763-0403-40E1-940A-40F85846A796}"
EndProject
Project("{FAE04EC0-301F-11D3-BF4B-00C04F79EFBC}") = "QuestSystemEditors", "..\QuestSystemEditors\QuestSystemEditors.csproj", "{3D8C740B-E664-4FBA-ABA8-568487F025FF}"
EndProject
Project("{FAE04EC0-301F-11D3-BF4B-00C04F79EFBC}") = "TerrainEditors", "..\TerrainEditors\TerrainEditors.csproj", "{1CEEB013-AF49-494B-B009-E1F07E11D4C3}"
EndProject
Project("{FAE04EC0-301F-11D3-BF4B-00C04F79EFBC}") = "Utils", "..\Utils\Utils.csproj", "{4B1BD451-4F17-42BF-AC8D-5EEA64D7CDE7}"
EndProject
Project("{FAE04EC0-301F-11D3-BF4B-00C04F79EFBC}") = "UtilsTests", "..\UtilsTests\UtilsTests.csproj", "{1B21E936-A8AE-44A6-BB8F-37491989932D}"
EndProject
Project("{FAE04EC0-301F-11D3-BF4B-00C04F79EFBC}") = "2DDynamicCameraEditors", "..\2DDynamicCameraEditors\2DDynamicCameraEditors.csproj", "{FBE1C732-2EB8-42D5-B523-70AEE5924C34}"
EndProject
Project("{FAE04EC0-301F-11D3-BF4B-00C04F79EFBC}") = "DecoratorEditors", "..\DecoratorEditors\DecoratorEditors.csproj", "{83721513-9241-44CE-8D6F-A03C3B962D04}"
EndProject
Project("{FAE04EC0-301F-11D3-BF4B-00C04F79EFBC}") = "GenericComponentEditors", "..\GenericComponentEditors\GenericComponentEditors.csproj", "{0EA4B1C7-C7CA-4151-A990-CDCFEBDE1338}"
EndProject
Project("{FAE04EC0-301F-11D3-BF4B-00C04F79EFBC}") = "Terrain", "..\Terrain\Terrain.csproj", "{A25D76B1-6701-407B-B882-AFE62FEB7D52}"
EndProject
Project("{FAE04EC0-301F-11D3-BF4B-00C04F79EFBC}") = "CommonEditors", "..\CommonEditors\CommonEditors.csproj", "{E3A4D66E-8B19-4B41-9861-7BB62C514F18}"
EndProject
Project("{FAE04EC0-301F-11D3-BF4B-00C04F79EFBC}") = "GenericComponentsTests", "..\GenericComponentsTests\GenericComponentsTests.csproj", "{067456C0-086C-46A8-B37F-1405717B7BFC}"
EndProject
Project("{FAE04EC0-301F-11D3-BF4B-00C04F79EFBC}") = "CommonInterfaces", "..\CommonInterfaces\CommonInterfaces.csproj", "{70CD1F80-87F4-4A17-B701-DE961BBC798C}"
EndProject
Project("{FAE04EC0-301F-11D3-BF4B-00C04F79EFBC}") = "InventorySystem", "..\InventorySystem\InventorySystem.csproj", "{C1F6D5B7-2F63-4183-94B1-D1FDEFEF9F4B}"
EndProject
Project("{FAE04EC0-301F-11D3-BF4B-00C04F79EFBC}") = "QuestSystem", "..\QuestSystem\QuestSystem.csproj", "{7B14C9D3-DC8C-427F-9B4C-22F409959393}"
EndProject
Project("{FAE04EC0-301F-11D3-BF4B-00C04F79EFBC}") = "ArxGame", "..\ArxComponents\ArxGame.csproj", "{01F1485D-749C-4E36-AA72-2F8FDAF95017}"
EndProject
Project("{FAE04EC0-301F-11D3-BF4B-00C04F79EFBC}") = "AnimatorSequencer", "..\AnimatorSequencer\AnimatorSequencer.csproj", "{5D0EC744-EA21-4B83-8576-CE7F86275DC8}"
EndProject
Project("{FAE04EC0-301F-11D3-BF4B-00C04F79EFBC}") = "AnimatorSequencerEditors", "..\AnimatorSequencerEditors\AnimatorSequencerEditors.csproj", "{67066B05-C9CA-4962-8EAF-4EDB2C1E6A2F}"
EndProject
Global
	GlobalSection(SolutionConfigurationPlatforms) = preSolution
		Debug|Any CPU = Debug|Any CPU
		Release|Any CPU = Release|Any CPU
	EndGlobalSection
	GlobalSection(ProjectConfigurationPlatforms) = postSolution
		{1ED791E0-EF06-576D-40DC-28E8874D619B}.Debug|Any CPU.ActiveCfg = Debug|Any CPU
		{1ED791E0-EF06-576D-40DC-28E8874D619B}.Debug|Any CPU.Build.0 = Debug|Any CPU
		{1ED791E0-EF06-576D-40DC-28E8874D619B}.Release|Any CPU.ActiveCfg = Release|Any CPU
		{1ED791E0-EF06-576D-40DC-28E8874D619B}.Release|Any CPU.Build.0 = Release|Any CPU
		{F044C09C-1088-9E33-3FC9-5F903059F8AC}.Debug|Any CPU.ActiveCfg = Debug|Any CPU
		{F044C09C-1088-9E33-3FC9-5F903059F8AC}.Debug|Any CPU.Build.0 = Debug|Any CPU
		{F044C09C-1088-9E33-3FC9-5F903059F8AC}.Release|Any CPU.ActiveCfg = Release|Any CPU
		{F044C09C-1088-9E33-3FC9-5F903059F8AC}.Release|Any CPU.Build.0 = Release|Any CPU
		{5DED49B3-E91E-B7F2-3AE1-8DEA01A1276E}.Debug|Any CPU.ActiveCfg = Debug|Any CPU
		{5DED49B3-E91E-B7F2-3AE1-8DEA01A1276E}.Debug|Any CPU.Build.0 = Debug|Any CPU
		{5DED49B3-E91E-B7F2-3AE1-8DEA01A1276E}.Release|Any CPU.ActiveCfg = Release|Any CPU
		{5DED49B3-E91E-B7F2-3AE1-8DEA01A1276E}.Release|Any CPU.Build.0 = Release|Any CPU
		{B8B004CD-714A-BF8A-FF56-AEBE51DD1356}.Debug|Any CPU.ActiveCfg = Debug|Any CPU
		{B8B004CD-714A-BF8A-FF56-AEBE51DD1356}.Debug|Any CPU.Build.0 = Debug|Any CPU
		{B8B004CD-714A-BF8A-FF56-AEBE51DD1356}.Release|Any CPU.ActiveCfg = Release|Any CPU
		{B8B004CD-714A-BF8A-FF56-AEBE51DD1356}.Release|Any CPU.Build.0 = Release|Any CPU
		{DE006F2E-B5DD-4AD1-8BE3-F147E2F6286E}.Debug|Any CPU.ActiveCfg = Debug|Any CPU
		{DE006F2E-B5DD-4AD1-8BE3-F147E2F6286E}.Debug|Any CPU.Build.0 = Debug|Any CPU
		{DE006F2E-B5DD-4AD1-8BE3-F147E2F6286E}.Release|Any CPU.ActiveCfg = Release|Any CPU
		{DE006F2E-B5DD-4AD1-8BE3-F147E2F6286E}.Release|Any CPU.Build.0 = Release|Any CPU
		{032238DD-361C-4BB7-B95D-F563B768F294}.Debug|Any CPU.ActiveCfg = Debug|Any CPU
		{032238DD-361C-4BB7-B95D-F563B768F294}.Debug|Any CPU.Build.0 = Debug|Any CPU
		{032238DD-361C-4BB7-B95D-F563B768F294}.Release|Any CPU.ActiveCfg = Release|Any CPU
		{032238DD-361C-4BB7-B95D-F563B768F294}.Release|Any CPU.Build.0 = Release|Any CPU
		{A026CFD6-8498-4E10-8846-A29A7534D465}.Debug|Any CPU.ActiveCfg = Debug|Any CPU
		{A026CFD6-8498-4E10-8846-A29A7534D465}.Debug|Any CPU.Build.0 = Debug|Any CPU
		{A026CFD6-8498-4E10-8846-A29A7534D465}.Release|Any CPU.ActiveCfg = Release|Any CPU
		{A026CFD6-8498-4E10-8846-A29A7534D465}.Release|Any CPU.Build.0 = Release|Any CPU
		{F39665AF-3030-43A8-8C67-D071C4803EEA}.Debug|Any CPU.ActiveCfg = Debug|Any CPU
		{F39665AF-3030-43A8-8C67-D071C4803EEA}.Debug|Any CPU.Build.0 = Debug|Any CPU
		{F39665AF-3030-43A8-8C67-D071C4803EEA}.Release|Any CPU.ActiveCfg = Release|Any CPU
		{F39665AF-3030-43A8-8C67-D071C4803EEA}.Release|Any CPU.Build.0 = Release|Any CPU
		{5ED6D708-BEB5-4F23-9F44-F8A491A42F84}.Debug|Any CPU.ActiveCfg = Debug|Any CPU
		{5ED6D708-BEB5-4F23-9F44-F8A491A42F84}.Debug|Any CPU.Build.0 = Debug|Any CPU
		{5ED6D708-BEB5-4F23-9F44-F8A491A42F84}.Release|Any CPU.ActiveCfg = Release|Any CPU
		{5ED6D708-BEB5-4F23-9F44-F8A491A42F84}.Release|Any CPU.Build.0 = Release|Any CPU
		{4B0E35D1-E866-4077-8D7A-D629DC5335C7}.Debug|Any CPU.ActiveCfg = Debug|Any CPU
		{4B0E35D1-E866-4077-8D7A-D629DC5335C7}.Debug|Any CPU.Build.0 = Debug|Any CPU
		{4B0E35D1-E866-4077-8D7A-D629DC5335C7}.Release|Any CPU.ActiveCfg = Release|Any CPU
		{4B0E35D1-E866-4077-8D7A-D629DC5335C7}.Release|Any CPU.Build.0 = Release|Any CPU
		{3703E408-E0FA-4D51-94C5-4CAEC5D609D8}.Debug|Any CPU.ActiveCfg = Debug|Any CPU
		{3703E408-E0FA-4D51-94C5-4CAEC5D609D8}.Debug|Any CPU.Build.0 = Debug|Any CPU
		{3703E408-E0FA-4D51-94C5-4CAEC5D609D8}.Release|Any CPU.ActiveCfg = Release|Any CPU
		{3703E408-E0FA-4D51-94C5-4CAEC5D609D8}.Release|Any CPU.Build.0 = Release|Any CPU
		{62F56733-FE6F-4B3F-9DA9-911F899B4FB4}.Debug|Any CPU.ActiveCfg = Debug|Any CPU
		{62F56733-FE6F-4B3F-9DA9-911F899B4FB4}.Debug|Any CPU.Build.0 = Debug|Any CPU
		{62F56733-FE6F-4B3F-9DA9-911F899B4FB4}.Release|Any CPU.ActiveCfg = Release|Any CPU
		{62F56733-FE6F-4B3F-9DA9-911F899B4FB4}.Release|Any CPU.Build.0 = Release|Any CPU
		{548D7763-0403-40E1-940A-40F85846A796}.Debug|Any CPU.ActiveCfg = Debug|Any CPU
		{548D7763-0403-40E1-940A-40F85846A796}.Debug|Any CPU.Build.0 = Debug|Any CPU
		{548D7763-0403-40E1-940A-40F85846A796}.Release|Any CPU.ActiveCfg = Release|Any CPU
		{548D7763-0403-40E1-940A-40F85846A796}.Release|Any CPU.Build.0 = Release|Any CPU
		{3D8C740B-E664-4FBA-ABA8-568487F025FF}.Debug|Any CPU.ActiveCfg = Debug|Any CPU
		{3D8C740B-E664-4FBA-ABA8-568487F025FF}.Debug|Any CPU.Build.0 = Debug|Any CPU
		{3D8C740B-E664-4FBA-ABA8-568487F025FF}.Release|Any CPU.ActiveCfg = Release|Any CPU
		{3D8C740B-E664-4FBA-ABA8-568487F025FF}.Release|Any CPU.Build.0 = Release|Any CPU
		{1CEEB013-AF49-494B-B009-E1F07E11D4C3}.Debug|Any CPU.ActiveCfg = Debug|Any CPU
		{1CEEB013-AF49-494B-B009-E1F07E11D4C3}.Debug|Any CPU.Build.0 = Debug|Any CPU
		{1CEEB013-AF49-494B-B009-E1F07E11D4C3}.Release|Any CPU.ActiveCfg = Release|Any CPU
		{1CEEB013-AF49-494B-B009-E1F07E11D4C3}.Release|Any CPU.Build.0 = Release|Any CPU
		{4B1BD451-4F17-42BF-AC8D-5EEA64D7CDE7}.Debug|Any CPU.ActiveCfg = Debug|Any CPU
		{4B1BD451-4F17-42BF-AC8D-5EEA64D7CDE7}.Debug|Any CPU.Build.0 = Debug|Any CPU
		{4B1BD451-4F17-42BF-AC8D-5EEA64D7CDE7}.Release|Any CPU.ActiveCfg = Release|Any CPU
		{4B1BD451-4F17-42BF-AC8D-5EEA64D7CDE7}.Release|Any CPU.Build.0 = Release|Any CPU
		{1B21E936-A8AE-44A6-BB8F-37491989932D}.Debug|Any CPU.ActiveCfg = Debug|Any CPU
		{1B21E936-A8AE-44A6-BB8F-37491989932D}.Debug|Any CPU.Build.0 = Debug|Any CPU
		{1B21E936-A8AE-44A6-BB8F-37491989932D}.Release|Any CPU.ActiveCfg = Release|Any CPU
		{1B21E936-A8AE-44A6-BB8F-37491989932D}.Release|Any CPU.Build.0 = Release|Any CPU
		{FBE1C732-2EB8-42D5-B523-70AEE5924C34}.Debug|Any CPU.ActiveCfg = Debug|Any CPU
		{FBE1C732-2EB8-42D5-B523-70AEE5924C34}.Debug|Any CPU.Build.0 = Debug|Any CPU
		{FBE1C732-2EB8-42D5-B523-70AEE5924C34}.Release|Any CPU.ActiveCfg = Release|Any CPU
		{FBE1C732-2EB8-42D5-B523-70AEE5924C34}.Release|Any CPU.Build.0 = Release|Any CPU
		{83721513-9241-44CE-8D6F-A03C3B962D04}.Debug|Any CPU.ActiveCfg = Debug|Any CPU
		{83721513-9241-44CE-8D6F-A03C3B962D04}.Debug|Any CPU.Build.0 = Debug|Any CPU
		{83721513-9241-44CE-8D6F-A03C3B962D04}.Release|Any CPU.ActiveCfg = Release|Any CPU
		{83721513-9241-44CE-8D6F-A03C3B962D04}.Release|Any CPU.Build.0 = Release|Any CPU
		{0EA4B1C7-C7CA-4151-A990-CDCFEBDE1338}.Debug|Any CPU.ActiveCfg = Debug|Any CPU
		{0EA4B1C7-C7CA-4151-A990-CDCFEBDE1338}.Debug|Any CPU.Build.0 = Debug|Any CPU
		{0EA4B1C7-C7CA-4151-A990-CDCFEBDE1338}.Release|Any CPU.ActiveCfg = Release|Any CPU
		{0EA4B1C7-C7CA-4151-A990-CDCFEBDE1338}.Release|Any CPU.Build.0 = Release|Any CPU
		{A25D76B1-6701-407B-B882-AFE62FEB7D52}.Debug|Any CPU.ActiveCfg = Debug|Any CPU
		{A25D76B1-6701-407B-B882-AFE62FEB7D52}.Debug|Any CPU.Build.0 = Debug|Any CPU
		{A25D76B1-6701-407B-B882-AFE62FEB7D52}.Release|Any CPU.ActiveCfg = Release|Any CPU
		{A25D76B1-6701-407B-B882-AFE62FEB7D52}.Release|Any CPU.Build.0 = Release|Any CPU
		{E3A4D66E-8B19-4B41-9861-7BB62C514F18}.Debug|Any CPU.ActiveCfg = Debug|Any CPU
		{E3A4D66E-8B19-4B41-9861-7BB62C514F18}.Debug|Any CPU.Build.0 = Debug|Any CPU
		{E3A4D66E-8B19-4B41-9861-7BB62C514F18}.Release|Any CPU.ActiveCfg = Release|Any CPU
		{E3A4D66E-8B19-4B41-9861-7BB62C514F18}.Release|Any CPU.Build.0 = Release|Any CPU
		{067456C0-086C-46A8-B37F-1405717B7BFC}.Debug|Any CPU.ActiveCfg = Debug|Any CPU
		{067456C0-086C-46A8-B37F-1405717B7BFC}.Debug|Any CPU.Build.0 = Debug|Any CPU
		{067456C0-086C-46A8-B37F-1405717B7BFC}.Release|Any CPU.ActiveCfg = Release|Any CPU
		{067456C0-086C-46A8-B37F-1405717B7BFC}.Release|Any CPU.Build.0 = Release|Any CPU
		{70CD1F80-87F4-4A17-B701-DE961BBC798C}.Debug|Any CPU.ActiveCfg = Debug|Any CPU
		{70CD1F80-87F4-4A17-B701-DE961BBC798C}.Debug|Any CPU.Build.0 = Debug|Any CPU
		{70CD1F80-87F4-4A17-B701-DE961BBC798C}.Release|Any CPU.ActiveCfg = Release|Any CPU
		{70CD1F80-87F4-4A17-B701-DE961BBC798C}.Release|Any CPU.Build.0 = Release|Any CPU
		{C1F6D5B7-2F63-4183-94B1-D1FDEFEF9F4B}.Debug|Any CPU.ActiveCfg = Debug|Any CPU
		{C1F6D5B7-2F63-4183-94B1-D1FDEFEF9F4B}.Debug|Any CPU.Build.0 = Debug|Any CPU
		{C1F6D5B7-2F63-4183-94B1-D1FDEFEF9F4B}.Release|Any CPU.ActiveCfg = Release|Any CPU
		{C1F6D5B7-2F63-4183-94B1-D1FDEFEF9F4B}.Release|Any CPU.Build.0 = Release|Any CPU
		{7B14C9D3-DC8C-427F-9B4C-22F409959393}.Debug|Any CPU.ActiveCfg = Debug|Any CPU
		{7B14C9D3-DC8C-427F-9B4C-22F409959393}.Debug|Any CPU.Build.0 = Debug|Any CPU
		{7B14C9D3-DC8C-427F-9B4C-22F409959393}.Release|Any CPU.ActiveCfg = Release|Any CPU
		{7B14C9D3-DC8C-427F-9B4C-22F409959393}.Release|Any CPU.Build.0 = Release|Any CPU
		{01F1485D-749C-4E36-AA72-2F8FDAF95017}.Debug|Any CPU.ActiveCfg = Debug|Any CPU
		{01F1485D-749C-4E36-AA72-2F8FDAF95017}.Debug|Any CPU.Build.0 = Debug|Any CPU
		{01F1485D-749C-4E36-AA72-2F8FDAF95017}.Release|Any CPU.ActiveCfg = Release|Any CPU
		{01F1485D-749C-4E36-AA72-2F8FDAF95017}.Release|Any CPU.Build.0 = Release|Any CPU
		{5D0EC744-EA21-4B83-8576-CE7F86275DC8}.Debug|Any CPU.ActiveCfg = Debug|Any CPU
		{5D0EC744-EA21-4B83-8576-CE7F86275DC8}.Debug|Any CPU.Build.0 = Debug|Any CPU
		{5D0EC744-EA21-4B83-8576-CE7F86275DC8}.Release|Any CPU.ActiveCfg = Release|Any CPU
		{5D0EC744-EA21-4B83-8576-CE7F86275DC8}.Release|Any CPU.Build.0 = Release|Any CPU
		{67066B05-C9CA-4962-8EAF-4EDB2C1E6A2F}.Debug|Any CPU.ActiveCfg = Debug|Any CPU
		{67066B05-C9CA-4962-8EAF-4EDB2C1E6A2F}.Debug|Any CPU.Build.0 = Debug|Any CPU
		{67066B05-C9CA-4962-8EAF-4EDB2C1E6A2F}.Release|Any CPU.ActiveCfg = Release|Any CPU
		{67066B05-C9CA-4962-8EAF-4EDB2C1E6A2F}.Release|Any CPU.Build.0 = Release|Any CPU
	EndGlobalSection
	GlobalSection(SolutionProperties) = preSolution
		HideSolutionNode = FALSE
	EndGlobalSection
EndGlobal
