
Microsoft Visual Studio Solution File, Format Version 12.00
# Visual Studio 2013
Project("{FAE04EC0-301F-11D3-BF4B-00C04F79EFBC}") = "UnityVS.Arx.CSharp.Plugins", "UnityVS.Arx.CSharp.Plugins.csproj", "{C0776C32-007A-33CB-3F4D-19D59BC8124B}"
EndProject
Project("{FAE04EC0-301F-11D3-BF4B-00C04F79EFBC}") = "UnityVS.Arx.CSharp.Editor", "UnityVS.Arx.CSharp.Editor.csproj", "{6C1C681C-2630-C557-6681-F852316C1990}"
EndProject
Project("{FAE04EC0-301F-11D3-BF4B-00C04F79EFBC}") = "QuestSystem", "..\ArxLibraries\QuestSystem\QuestSystem.csproj", "{7B14C9D3-DC8C-427F-9B4C-22F409959393}"
EndProject
Project("{FAE04EC0-301F-11D3-BF4B-00C04F79EFBC}") = "InventorySystem", "..\ArxLibraries\InventorySystem\InventorySystem.csproj", "{C1F6D5B7-2F63-4183-94B1-D1FDEFEF9F4B}"
EndProject
Project("{FAE04EC0-301F-11D3-BF4B-00C04F79EFBC}") = "CommonInterfaces", "..\ArxLibraries\CommonInterfaces\CommonInterfaces.csproj", "{70CD1F80-87F4-4A17-B701-DE961BBC798C}"
EndProject
Project("{FAE04EC0-301F-11D3-BF4B-00C04F79EFBC}") = "GenericComponents", "..\GenericComponents\GenericComponents.csproj", "{5ED6D708-BEB5-4F23-9F44-F8A491A42F84}"
EndProject
Project("{FAE04EC0-301F-11D3-BF4B-00C04F79EFBC}") = "QuestSystemEditors", "..\QuestSystemEditors\QuestSystemEditors.csproj", "{3D8C740B-E664-4FBA-ABA8-568487F025FF}"
EndProject
Project("{FAE04EC0-301F-11D3-BF4B-00C04F79EFBC}") = "CommonEditors", "CommonEditors\CommonEditors.csproj", "{E3A4D66E-8B19-4B41-9861-7BB62C514F18}"
EndProject
Project("{FAE04EC0-301F-11D3-BF4B-00C04F79EFBC}") = "Utils", "..\Utils\Utils.csproj", "{4B1BD451-4F17-42BF-AC8D-5EEA64D7CDE7}"
EndProject
Project("{FAE04EC0-301F-11D3-BF4B-00C04F79EFBC}") = "InventorySystemEditors", "..\InventorySystemEditors\InventorySystemEditors.csproj", "{4B0E35D1-E866-4077-8D7A-D629DC5335C7}"
EndProject
Global
	GlobalSection(SolutionConfigurationPlatforms) = preSolution
		Debug|Any CPU = Debug|Any CPU
		Release|Any CPU = Release|Any CPU
	EndGlobalSection
	GlobalSection(ProjectConfigurationPlatforms) = postSolution
		{C0776C32-007A-33CB-3F4D-19D59BC8124B}.Debug|Any CPU.ActiveCfg = Debug|Any CPU
		{C0776C32-007A-33CB-3F4D-19D59BC8124B}.Debug|Any CPU.Build.0 = Debug|Any CPU
		{C0776C32-007A-33CB-3F4D-19D59BC8124B}.Release|Any CPU.ActiveCfg = Release|Any CPU
		{C0776C32-007A-33CB-3F4D-19D59BC8124B}.Release|Any CPU.Build.0 = Release|Any CPU
		{6C1C681C-2630-C557-6681-F852316C1990}.Debug|Any CPU.ActiveCfg = Debug|Any CPU
		{6C1C681C-2630-C557-6681-F852316C1990}.Debug|Any CPU.Build.0 = Debug|Any CPU
		{6C1C681C-2630-C557-6681-F852316C1990}.Release|Any CPU.ActiveCfg = Release|Any CPU
		{6C1C681C-2630-C557-6681-F852316C1990}.Release|Any CPU.Build.0 = Release|Any CPU
		{7B14C9D3-DC8C-427F-9B4C-22F409959393}.Debug|Any CPU.ActiveCfg = Debug|Any CPU
		{7B14C9D3-DC8C-427F-9B4C-22F409959393}.Debug|Any CPU.Build.0 = Debug|Any CPU
		{7B14C9D3-DC8C-427F-9B4C-22F409959393}.Release|Any CPU.ActiveCfg = Release|Any CPU
		{7B14C9D3-DC8C-427F-9B4C-22F409959393}.Release|Any CPU.Build.0 = Release|Any CPU
		{C1F6D5B7-2F63-4183-94B1-D1FDEFEF9F4B}.Debug|Any CPU.ActiveCfg = Debug|Any CPU
		{C1F6D5B7-2F63-4183-94B1-D1FDEFEF9F4B}.Debug|Any CPU.Build.0 = Debug|Any CPU
		{C1F6D5B7-2F63-4183-94B1-D1FDEFEF9F4B}.Release|Any CPU.ActiveCfg = Release|Any CPU
		{C1F6D5B7-2F63-4183-94B1-D1FDEFEF9F4B}.Release|Any CPU.Build.0 = Release|Any CPU
		{70CD1F80-87F4-4A17-B701-DE961BBC798C}.Debug|Any CPU.ActiveCfg = Debug|Any CPU
		{70CD1F80-87F4-4A17-B701-DE961BBC798C}.Debug|Any CPU.Build.0 = Debug|Any CPU
		{70CD1F80-87F4-4A17-B701-DE961BBC798C}.Release|Any CPU.ActiveCfg = Release|Any CPU
		{70CD1F80-87F4-4A17-B701-DE961BBC798C}.Release|Any CPU.Build.0 = Release|Any CPU
		{5ED6D708-BEB5-4F23-9F44-F8A491A42F84}.Debug|Any CPU.ActiveCfg = Debug|Any CPU
		{5ED6D708-BEB5-4F23-9F44-F8A491A42F84}.Debug|Any CPU.Build.0 = Debug|Any CPU
		{5ED6D708-BEB5-4F23-9F44-F8A491A42F84}.Release|Any CPU.ActiveCfg = Release|Any CPU
		{5ED6D708-BEB5-4F23-9F44-F8A491A42F84}.Release|Any CPU.Build.0 = Release|Any CPU
		{3D8C740B-E664-4FBA-ABA8-568487F025FF}.Debug|Any CPU.ActiveCfg = Debug|Any CPU
		{3D8C740B-E664-4FBA-ABA8-568487F025FF}.Debug|Any CPU.Build.0 = Debug|Any CPU
		{3D8C740B-E664-4FBA-ABA8-568487F025FF}.Release|Any CPU.ActiveCfg = Release|Any CPU
		{3D8C740B-E664-4FBA-ABA8-568487F025FF}.Release|Any CPU.Build.0 = Release|Any CPU
		{E3A4D66E-8B19-4B41-9861-7BB62C514F18}.Debug|Any CPU.ActiveCfg = Debug|Any CPU
		{E3A4D66E-8B19-4B41-9861-7BB62C514F18}.Debug|Any CPU.Build.0 = Debug|Any CPU
		{E3A4D66E-8B19-4B41-9861-7BB62C514F18}.Release|Any CPU.ActiveCfg = Release|Any CPU
		{E3A4D66E-8B19-4B41-9861-7BB62C514F18}.Release|Any CPU.Build.0 = Release|Any CPU
		{4B1BD451-4F17-42BF-AC8D-5EEA64D7CDE7}.Debug|Any CPU.ActiveCfg = Debug|Any CPU
		{4B1BD451-4F17-42BF-AC8D-5EEA64D7CDE7}.Debug|Any CPU.Build.0 = Debug|Any CPU
		{4B1BD451-4F17-42BF-AC8D-5EEA64D7CDE7}.Release|Any CPU.ActiveCfg = Release|Any CPU
		{4B1BD451-4F17-42BF-AC8D-5EEA64D7CDE7}.Release|Any CPU.Build.0 = Release|Any CPU
		{4B0E35D1-E866-4077-8D7A-D629DC5335C7}.Debug|Any CPU.ActiveCfg = Debug|Any CPU
		{4B0E35D1-E866-4077-8D7A-D629DC5335C7}.Debug|Any CPU.Build.0 = Debug|Any CPU
		{4B0E35D1-E866-4077-8D7A-D629DC5335C7}.Release|Any CPU.ActiveCfg = Release|Any CPU
		{4B0E35D1-E866-4077-8D7A-D629DC5335C7}.Release|Any CPU.Build.0 = Release|Any CPU
	EndGlobalSection
	GlobalSection(SolutionProperties) = preSolution
		HideSolutionNode = FALSE
	EndGlobalSection
EndGlobal
