
Microsoft Visual Studio Solution File, Format Version 12.00
# Visual Studio 2013
VisualStudioVersion = 12.0.31101.0
MinimumVisualStudioVersion = 10.0.40219.1
Project("{FAE04EC0-301F-11D3-BF4B-00C04F79EFBC}") = "QuestSystem", "QuestSystem\QuestSystem.csproj", "{7B14C9D3-DC8C-427F-9B4C-22F409959393}"
EndProject
Project("{FAE04EC0-301F-11D3-BF4B-00C04F79EFBC}") = "InventorySystem", "InventorySystem\InventorySystem.csproj", "{C1F6D5B7-2F63-4183-94B1-D1FDEFEF9F4B}"
EndProject
Project("{FAE04EC0-301F-11D3-BF4B-00C04F79EFBC}") = "CommonInterfaces", "CommonInterfaces\CommonInterfaces.csproj", "{70CD1F80-87F4-4A17-B701-DE961BBC798C}"
EndProject
Global
	GlobalSection(SolutionConfigurationPlatforms) = preSolution
		Debug|Any CPU = Debug|Any CPU
		Release|Any CPU = Release|Any CPU
	EndGlobalSection
	GlobalSection(ProjectConfigurationPlatforms) = postSolution
		{7B14C9D3-DC8C-427F-9B4C-22F409959393}.Debug|Any CPU.ActiveCfg = Debug|Any CPU
		{7B14C9D3-DC8C-427F-9B4C-22F409959393}.Debug|Any CPU.Build.0 = Debug|Any CPU
		{7B14C9D3-DC8C-427F-9B4C-22F409959393}.Release|Any CPU.ActiveCfg = Release|Any CPU
		{7B14C9D3-DC8C-427F-9B4C-22F409959393}.Release|Any CPU.Build.0 = Release|Any CPU
		{C1F6D5B7-2F63-4183-94B1-D1FDEFEF9F4B}.Debug|Any CPU.ActiveCfg = Debug|Any CPU
		{C1F6D5B7-2F63-4183-94B1-D1FDEFEF9F4B}.Debug|Any CPU.Build.0 = Debug|Any CPU
		{C1F6D5B7-2F63-4183-94B1-D1FDEFEF9F4B}.Release|Any CPU.ActiveCfg = Release|Any CPU
		{C1F6D5B7-2F63-4183-94B1-D1FDEFEF9F4B}.Release|Any CPU.Build.0 = Release|Any CPU
		{70CD1F80-87F4-4A17-B701-DE961BBC798C}.Debug|Any CPU.ActiveCfg = Debug|Any CPU
		{70CD1F80-87F4-4A17-B701-DE961BBC798C}.Debug|Any CPU.Build.0 = Debug|Any CPU
		{70CD1F80-87F4-4A17-B701-DE961BBC798C}.Release|Any CPU.ActiveCfg = Release|Any CPU
		{70CD1F80-87F4-4A17-B701-DE961BBC798C}.Release|Any CPU.Build.0 = Release|Any CPU
	EndGlobalSection
	GlobalSection(SolutionProperties) = preSolution
		HideSolutionNode = FALSE
	EndGlobalSection
EndGlobal
